
Microsoft Visual Studio Solution File, Format Version 12.00
# Visual Studio Version 16
VisualStudioVersion = 16.0.31321.278
MinimumVisualStudioVersion = 10.0.40219.1
Project("{FAE04EC0-301F-11D3-BF4B-00C04F79EFBC}") = "DataTypes", "DataTypes\DataTypes.csproj", "{43B46329-0046-4F98-A98E-8EEF472A097D}"
EndProject
Global
	GlobalSection(SolutionConfigurationPlatforms) = preSolution
		Debug|Any CPU = Debug|Any CPU
		Release|Any CPU = Release|Any CPU
	EndGlobalSection
	GlobalSection(ProjectConfigurationPlatforms) = postSolution
		{43B46329-0046-4F98-A98E-8EEF472A097D}.Debug|Any CPU.ActiveCfg = Debug|Any CPU
		{43B46329-0046-4F98-A98E-8EEF472A097D}.Debug|Any CPU.Build.0 = Debug|Any CPU
		{43B46329-0046-4F98-A98E-8EEF472A097D}.Release|Any CPU.ActiveCfg = Release|Any CPU
		{43B46329-0046-4F98-A98E-8EEF472A097D}.Release|Any CPU.Build.0 = Release|Any CPU
	EndGlobalSection
	GlobalSection(SolutionProperties) = preSolution
		HideSolutionNode = FALSE
	EndGlobalSection
	GlobalSection(ExtensibilityGlobals) = postSolution
		SolutionGuid = {D9395F6D-5DFD-4B82-93C3-AF951B5FC31F}
	EndGlobalSection
EndGlobal
