
Microsoft Visual Studio Solution File, Format Version 12.00
# Visual Studio Version 16
VisualStudioVersion = 16.0.31321.278
MinimumVisualStudioVersion = 10.0.40219.1
Project("{FAE04EC0-301F-11D3-BF4B-00C04F79EFBC}") = "ConsoleApp1", "ConsoleApp1.csproj", "{2B69B8B2-D475-4313-B78B-B35CB8E74665}"
EndProject
Global
	GlobalSection(SolutionConfigurationPlatforms) = preSolution
		Debug|Any CPU = Debug|Any CPU
		Release|Any CPU = Release|Any CPU
	EndGlobalSection
	GlobalSection(ProjectConfigurationPlatforms) = postSolution
		{2B69B8B2-D475-4313-B78B-B35CB8E74665}.Debug|Any CPU.ActiveCfg = Debug|Any CPU
		{2B69B8B2-D475-4313-B78B-B35CB8E74665}.Debug|Any CPU.Build.0 = Debug|Any CPU
		{2B69B8B2-D475-4313-B78B-B35CB8E74665}.Release|Any CPU.ActiveCfg = Release|Any CPU
		{2B69B8B2-D475-4313-B78B-B35CB8E74665}.Release|Any CPU.Build.0 = Release|Any CPU
	EndGlobalSection
	GlobalSection(SolutionProperties) = preSolution
		HideSolutionNode = FALSE
	EndGlobalSection
	GlobalSection(ExtensibilityGlobals) = postSolution
		SolutionGuid = {2ED7A634-0DEB-44E8-8550-759C8EA31F4E}
	EndGlobalSection
EndGlobal
